
Microsoft Visual Studio Solution File, Format Version 12.00
# Visual Studio Version 17
VisualStudioVersion = 17.3.32811.315
MinimumVisualStudioVersion = 10.0.40219.1
Project("{FAE04EC0-301F-11D3-BF4B-00C04F79EFBC}") = "TelaCadastro", "TelaCadastro\TelaCadastro.csproj", "{1978F999-E702-4B29-9B70-A83E2CDF1DEE}"
EndProject
Global
	GlobalSection(SolutionConfigurationPlatforms) = preSolution
		Debug|Any CPU = Debug|Any CPU
		Release|Any CPU = Release|Any CPU
	EndGlobalSection
	GlobalSection(ProjectConfigurationPlatforms) = postSolution
		{1978F999-E702-4B29-9B70-A83E2CDF1DEE}.Debug|Any CPU.ActiveCfg = Debug|Any CPU
		{1978F999-E702-4B29-9B70-A83E2CDF1DEE}.Debug|Any CPU.Build.0 = Debug|Any CPU
		{1978F999-E702-4B29-9B70-A83E2CDF1DEE}.Release|Any CPU.ActiveCfg = Release|Any CPU
		{1978F999-E702-4B29-9B70-A83E2CDF1DEE}.Release|Any CPU.Build.0 = Release|Any CPU
	EndGlobalSection
	GlobalSection(SolutionProperties) = preSolution
		HideSolutionNode = FALSE
	EndGlobalSection
	GlobalSection(ExtensibilityGlobals) = postSolution
		SolutionGuid = {8FA827DD-33DC-453A-A5EB-B733FB4631C3}
	EndGlobalSection
EndGlobal
